
Microsoft Visual Studio Solution File, Format Version 12.00
# Visual Studio 15
VisualStudioVersion = 15.0.27703.2042
MinimumVisualStudioVersion = 10.0.40219.1
Project("{8BC9CEB8-8B4A-11D0-8D11-00A0C91BC942}") = "图片分类(按比例)", "图片分类(按比例)\图片分类(按比例).vcxproj", "{608D8243-1E67-48FB-BE92-76AB3C614317}"
EndProject
Global
	GlobalSection(SolutionConfigurationPlatforms) = preSolution
		Debug|x64 = Debug|x64
		Debug|x86 = Debug|x86
		Release|x64 = Release|x64
		Release|x86 = Release|x86
	EndGlobalSection
	GlobalSection(ProjectConfigurationPlatforms) = postSolution
		{608D8243-1E67-48FB-BE92-76AB3C614317}.Debug|x64.ActiveCfg = Debug|x64
		{608D8243-1E67-48FB-BE92-76AB3C614317}.Debug|x64.Build.0 = Debug|x64
		{608D8243-1E67-48FB-BE92-76AB3C614317}.Debug|x86.ActiveCfg = Debug|Win32
		{608D8243-1E67-48FB-BE92-76AB3C614317}.Debug|x86.Build.0 = Debug|Win32
		{608D8243-1E67-48FB-BE92-76AB3C614317}.Release|x64.ActiveCfg = Release|x64
		{608D8243-1E67-48FB-BE92-76AB3C614317}.Release|x64.Build.0 = Release|x64
		{608D8243-1E67-48FB-BE92-76AB3C614317}.Release|x86.ActiveCfg = Release|Win32
		{608D8243-1E67-48FB-BE92-76AB3C614317}.Release|x86.Build.0 = Release|Win32
	EndGlobalSection
	GlobalSection(SolutionProperties) = preSolution
		HideSolutionNode = FALSE
	EndGlobalSection
	GlobalSection(ExtensibilityGlobals) = postSolution
		SolutionGuid = {14639354-ACEE-4E4A-BE2B-2AA1D5D57E5D}
	EndGlobalSection
EndGlobal
